
Microsoft Visual Studio Solution File, Format Version 12.00
# Visual Studio 15
VisualStudioVersion = 15.0.27703.2042
MinimumVisualStudioVersion = 10.0.40219.1
Project("{888888A0-9F3D-457C-B088-3A5042F75D52}") = "Knot_MDP", "Knot_MDP.pyproj", "{DAB42D2F-4296-49E0-958B-DE777FE55A8C}"
EndProject
Global
	GlobalSection(SolutionConfigurationPlatforms) = preSolution
		Debug|Any CPU = Debug|Any CPU
		Release|Any CPU = Release|Any CPU
	EndGlobalSection
	GlobalSection(ProjectConfigurationPlatforms) = postSolution
		{DAB42D2F-4296-49E0-958B-DE777FE55A8C}.Debug|Any CPU.ActiveCfg = Debug|Any CPU
		{DAB42D2F-4296-49E0-958B-DE777FE55A8C}.Release|Any CPU.ActiveCfg = Release|Any CPU
	EndGlobalSection
	GlobalSection(SolutionProperties) = preSolution
		HideSolutionNode = FALSE
	EndGlobalSection
	GlobalSection(ExtensibilityGlobals) = postSolution
		SolutionGuid = {747A4C75-4FD9-46B8-8A61-5902404865A0}
	EndGlobalSection
EndGlobal
